// !$*UTF8*$!
{
	archiveVersion = 1;
	classes = {
	};
	objectVersion = 56;
	objects = {

/* Begin PBXBuildFile section */
		BA2CD8A92B7FFAFA006C3C1A /* MetalExperimentApp.swift in Sources */ = {isa = PBXBuildFile; fileRef = BA2CD8A82B7FFAFA006C3C1A /* MetalExperimentApp.swift */; };
		BA2CD8AB2B7FFAFA006C3C1A /* MetalViewRepresentable.swift in Sources */ = {isa = PBXBuildFile; fileRef = BA2CD8AA2B7FFAFA006C3C1A /* MetalViewRepresentable.swift */; };
		BA2CD8AD2B7FFAFC006C3C1A /* Assets.xcassets in Resources */ = {isa = PBXBuildFile; fileRef = BA2CD8AC2B7FFAFC006C3C1A /* Assets.xcassets */; };
		BA2CD8B12B7FFAFC006C3C1A /* Preview Assets.xcassets in Resources */ = {isa = PBXBuildFile; fileRef = BA2CD8B02B7FFAFC006C3C1A /* Preview Assets.xcassets */; };
		BA2CD8B82B7FFBEF006C3C1A /* MetalViewCoordinator.swift in Sources */ = {isa = PBXBuildFile; fileRef = BA2CD8B72B7FFBEF006C3C1A /* MetalViewCoordinator.swift */; };
		BA2CD8BA2B7FFC03006C3C1A /* Shaders.metal in Sources */ = {isa = PBXBuildFile; fileRef = BA2CD8B92B7FFC03006C3C1A /* Shaders.metal */; };
		BADF8EEC2B86BF0800A399F2 /* Stridable.swift in Sources */ = {isa = PBXBuildFile; fileRef = BADF8EEB2B86BF0800A399F2 /* Stridable.swift */; };
		BADF8EEE2B87EAB900A399F2 /* Renderer.swift in Sources */ = {isa = PBXBuildFile; fileRef = BADF8EED2B87EAB900A399F2 /* Renderer.swift */; };
		BADF8EF02B87EAF100A399F2 /* RegularPolygon.swift in Sources */ = {isa = PBXBuildFile; fileRef = BADF8EEF2B87EAF100A399F2 /* RegularPolygon.swift */; };
/* End PBXBuildFile section */

/* Begin PBXFileReference section */
		BA2CD8A52B7FFAFA006C3C1A /* MetalExperiment.app */ = {isa = PBXFileReference; explicitFileType = wrapper.application; includeInIndex = 0; path = MetalExperiment.app; sourceTree = BUILT_PRODUCTS_DIR; };
		BA2CD8A82B7FFAFA006C3C1A /* MetalExperimentApp.swift */ = {isa = PBXFileReference; lastKnownFileType = sourcecode.swift; path = MetalExperimentApp.swift; sourceTree = "<group>"; };
		BA2CD8AA2B7FFAFA006C3C1A /* MetalViewRepresentable.swift */ = {isa = PBXFileReference; lastKnownFileType = sourcecode.swift; path = MetalViewRepresentable.swift; sourceTree = "<group>"; };
		BA2CD8AC2B7FFAFC006C3C1A /* Assets.xcassets */ = {isa = PBXFileReference; lastKnownFileType = folder.assetcatalog; path = Assets.xcassets; sourceTree = "<group>"; };
		BA2CD8AE2B7FFAFC006C3C1A /* MetalExperiment.entitlements */ = {isa = PBXFileReference; lastKnownFileType = text.plist.entitlements; path = MetalExperiment.entitlements; sourceTree = "<group>"; };
		BA2CD8B02B7FFAFC006C3C1A /* Preview Assets.xcassets */ = {isa = PBXFileReference; lastKnownFileType = folder.assetcatalog; path = "Preview Assets.xcassets"; sourceTree = "<group>"; };
		BA2CD8B72B7FFBEF006C3C1A /* MetalViewCoordinator.swift */ = {isa = PBXFileReference; lastKnownFileType = sourcecode.swift; path = MetalViewCoordinator.swift; sourceTree = "<group>"; };
		BA2CD8B92B7FFC03006C3C1A /* Shaders.metal */ = {isa = PBXFileReference; lastKnownFileType = sourcecode.metal; path = Shaders.metal; sourceTree = "<group>"; };
		BA2CD8BB2B7FFC16006C3C1A /* definitions.h */ = {isa = PBXFileReference; lastKnownFileType = sourcecode.c.h; path = definitions.h; sourceTree = "<group>"; };
		BADF8EEB2B86BF0800A399F2 /* Stridable.swift */ = {isa = PBXFileReference; lastKnownFileType = sourcecode.swift; path = Stridable.swift; sourceTree = "<group>"; };
		BADF8EED2B87EAB900A399F2 /* Renderer.swift */ = {isa = PBXFileReference; lastKnownFileType = sourcecode.swift; path = Renderer.swift; sourceTree = "<group>"; };
		BADF8EEF2B87EAF100A399F2 /* RegularPolygon.swift */ = {isa = PBXFileReference; lastKnownFileType = sourcecode.swift; path = RegularPolygon.swift; sourceTree = "<group>"; };
/* End PBXFileReference section */

/* Begin PBXFrameworksBuildPhase section */
		BA2CD8A22B7FFAFA006C3C1A /* Frameworks */ = {
			isa = PBXFrameworksBuildPhase;
			buildActionMask = 2147483647;
			files = (
			);
			runOnlyForDeploymentPostprocessing = 0;
		};
/* End PBXFrameworksBuildPhase section */

/* Begin PBXGroup section */
		BA2CD89C2B7FFAFA006C3C1A = {
			isa = PBXGroup;
			children = (
				BA2CD8A72B7FFAFA006C3C1A /* MetalExperiment */,
				BA2CD8A62B7FFAFA006C3C1A /* Products */,
			);
			sourceTree = "<group>";
		};
		BA2CD8A62B7FFAFA006C3C1A /* Products */ = {
			isa = PBXGroup;
			children = (
				BA2CD8A52B7FFAFA006C3C1A /* MetalExperiment.app */,
			);
			name = Products;
			sourceTree = "<group>";
		};
		BA2CD8A72B7FFAFA006C3C1A /* MetalExperiment */ = {
			isa = PBXGroup;
			children = (
				BA2CD8A82B7FFAFA006C3C1A /* MetalExperimentApp.swift */,
				BA2CD8AA2B7FFAFA006C3C1A /* MetalViewRepresentable.swift */,
				BA2CD8B72B7FFBEF006C3C1A /* MetalViewCoordinator.swift */,
				BADF8EED2B87EAB900A399F2 /* Renderer.swift */,
				BADF8EEF2B87EAF100A399F2 /* RegularPolygon.swift */,
				BADF8EEB2B86BF0800A399F2 /* Stridable.swift */,
				BA2CD8AC2B7FFAFC006C3C1A /* Assets.xcassets */,
				BA2CD8AE2B7FFAFC006C3C1A /* MetalExperiment.entitlements */,
				BA2CD8AF2B7FFAFC006C3C1A /* Preview Content */,
				BA2CD8B92B7FFC03006C3C1A /* Shaders.metal */,
				BA2CD8BB2B7FFC16006C3C1A /* definitions.h */,
			);
			path = MetalExperiment;
			sourceTree = "<group>";
		};
		BA2CD8AF2B7FFAFC006C3C1A /* Preview Content */ = {
			isa = PBXGroup;
			children = (
				BA2CD8B02B7FFAFC006C3C1A /* Preview Assets.xcassets */,
			);
			path = "Preview Content";
			sourceTree = "<group>";
		};
/* End PBXGroup section */

/* Begin PBXNativeTarget section */
		BA2CD8A42B7FFAFA006C3C1A /* MetalExperiment */ = {
			isa = PBXNativeTarget;
			buildConfigurationList = BA2CD8B42B7FFAFC006C3C1A /* Build configuration list for PBXNativeTarget "MetalExperiment" */;
			buildPhases = (
				BA2CD8A12B7FFAFA006C3C1A /* Sources */,
				BA2CD8A22B7FFAFA006C3C1A /* Frameworks */,
				BA2CD8A32B7FFAFA006C3C1A /* Resources */,
			);
			buildRules = (
			);
			dependencies = (
			);
			name = MetalExperiment;
			productName = MetalExperiment;
			productReference = BA2CD8A52B7FFAFA006C3C1A /* MetalExperiment.app */;
			productType = "com.apple.product-type.application";
		};
/* End PBXNativeTarget section */

/* Begin PBXProject section */
		BA2CD89D2B7FFAFA006C3C1A /* Project object */ = {
			isa = PBXProject;
			attributes = {
				BuildIndependentTargetsInParallel = 1;
				LastSwiftUpdateCheck = 1520;
				LastUpgradeCheck = 1520;
				TargetAttributes = {
					BA2CD8A42B7FFAFA006C3C1A = {
						CreatedOnToolsVersion = 15.2;
					};
				};
			};
			buildConfigurationList = BA2CD8A02B7FFAFA006C3C1A /* Build configuration list for PBXProject "MetalExperiment" */;
			compatibilityVersion = "Xcode 14.0";
			developmentRegion = en;
			hasScannedForEncodings = 0;
			knownRegions = (
				en,
				Base,
			);
			mainGroup = BA2CD89C2B7FFAFA006C3C1A;
			productRefGroup = BA2CD8A62B7FFAFA006C3C1A /* Products */;
			projectDirPath = "";
			projectRoot = "";
			targets = (
				BA2CD8A42B7FFAFA006C3C1A /* MetalExperiment */,
			);
		};
/* End PBXProject section */

/* Begin PBXResourcesBuildPhase section */
		BA2CD8A32B7FFAFA006C3C1A /* Resources */ = {
			isa = PBXResourcesBuildPhase;
			buildActionMask = 2147483647;
			files = (
				BA2CD8B12B7FFAFC006C3C1A /* Preview Assets.xcassets in Resources */,
				BA2CD8AD2B7FFAFC006C3C1A /* Assets.xcassets in Resources */,
			);
			runOnlyForDeploymentPostprocessing = 0;
		};
/* End PBXResourcesBuildPhase section */

/* Begin PBXSourcesBuildPhase section */
		BA2CD8A12B7FFAFA006C3C1A /* Sources */ = {
			isa = PBXSourcesBuildPhase;
			buildActionMask = 2147483647;
			files = (
				BA2CD8BA2B7FFC03006C3C1A /* Shaders.metal in Sources */,
				BA2CD8AB2B7FFAFA006C3C1A /* MetalViewRepresentable.swift in Sources */,
				BA2CD8B82B7FFBEF006C3C1A /* MetalViewCoordinator.swift in Sources */,
				BADF8EEC2B86BF0800A399F2 /* Stridable.swift in Sources */,
				BADF8EEE2B87EAB900A399F2 /* Renderer.swift in Sources */,
				BADF8EF02B87EAF100A399F2 /* RegularPolygon.swift in Sources */,
				BA2CD8A92B7FFAFA006C3C1A /* MetalExperimentApp.swift in Sources */,
			);
			runOnlyForDeploymentPostprocessing = 0;
		};
/* End PBXSourcesBuildPhase section */

/* Begin XCBuildConfiguration section */
		BA2CD8B22B7FFAFC006C3C1A /* Debug */ = {
			isa = XCBuildConfiguration;
			buildSettings = {
				ALWAYS_SEARCH_USER_PATHS = NO;
				ASSETCATALOG_COMPILER_GENERATE_SWIFT_ASSET_SYMBOL_EXTENSIONS = YES;
				CLANG_ANALYZER_NONNULL = YES;
				CLANG_ANALYZER_NUMBER_OBJECT_CONVERSION = YES_AGGRESSIVE;
				CLANG_CXX_LANGUAGE_STANDARD = "gnu++20";
				CLANG_ENABLE_MODULES = YES;
				CLANG_ENABLE_OBJC_ARC = YES;
				CLANG_ENABLE_OBJC_WEAK = YES;
				CLANG_WARN_BLOCK_CAPTURE_AUTORELEASING = YES;
				CLANG_WARN_BOOL_CONVERSION = YES;
				CLANG_WARN_COMMA = YES;
				CLANG_WARN_CONSTANT_CONVERSION = YES;
				CLANG_WARN_DEPRECATED_OBJC_IMPLEMENTATIONS = YES;
				CLANG_WARN_DIRECT_OBJC_ISA_USAGE = YES_ERROR;
				CLANG_WARN_DOCUMENTATION_COMMENTS = YES;
				CLANG_WARN_EMPTY_BODY = YES;
				CLANG_WARN_ENUM_CONVERSION = YES;
				CLANG_WARN_INFINITE_RECURSION = YES;
				CLANG_WARN_INT_CONVERSION = YES;
				CLANG_WARN_NON_LITERAL_NULL_CONVERSION = YES;
				CLANG_WARN_OBJC_IMPLICIT_RETAIN_SELF = YES;
				CLANG_WARN_OBJC_LITERAL_CONVERSION = YES;
				CLANG_WARN_OBJC_ROOT_CLASS = YES_ERROR;
				CLANG_WARN_QUOTED_INCLUDE_IN_FRAMEWORK_HEADER = YES;
				CLANG_WARN_RANGE_LOOP_ANALYSIS = YES;
				CLANG_WARN_STRICT_PROTOTYPES = YES;
				CLANG_WARN_SUSPICIOUS_MOVE = YES;
				CLANG_WARN_UNGUARDED_AVAILABILITY = YES_AGGRESSIVE;
				CLANG_WARN_UNREACHABLE_CODE = YES;
				CLANG_WARN__DUPLICATE_METHOD_MATCH = YES;
				COPY_PHASE_STRIP = NO;
				DEBUG_INFORMATION_FORMAT = dwarf;
				ENABLE_STRICT_OBJC_MSGSEND = YES;
				ENABLE_TESTABILITY = YES;
				ENABLE_USER_SCRIPT_SANDBOXING = YES;
				GCC_C_LANGUAGE_STANDARD = gnu17;
				GCC_DYNAMIC_NO_PIC = NO;
				GCC_NO_COMMON_BLOCKS = YES;
				GCC_OPTIMIZATION_LEVEL = 0;
				GCC_PREPROCESSOR_DEFINITIONS = (
					"DEBUG=1",
					"$(inherited)",
				);
				GCC_WARN_64_TO_32_BIT_CONVERSION = YES;
				GCC_WARN_ABOUT_RETURN_TYPE = YES_ERROR;
				GCC_WARN_UNDECLARED_SELECTOR = YES;
				GCC_WARN_UNINITIALIZED_AUTOS = YES_AGGRESSIVE;
				GCC_WARN_UNUSED_FUNCTION = YES;
				GCC_WARN_UNUSED_VARIABLE = YES;
				LOCALIZATION_PREFERS_STRING_CATALOGS = YES;
				MTL_ENABLE_DEBUG_INFO = INCLUDE_SOURCE;
				MTL_FAST_MATH = YES;
				ONLY_ACTIVE_ARCH = YES;
				SWIFT_ACTIVE_COMPILATION_CONDITIONS = "DEBUG $(inherited)";
				SWIFT_OPTIMIZATION_LEVEL = "-Onone";
			};
			name = Debug;
		};
		BA2CD8B32B7FFAFC006C3C1A /* Release */ = {
			isa = XCBuildConfiguration;
			buildSettings = {
				ALWAYS_SEARCH_USER_PATHS = NO;
				ASSETCATALOG_COMPILER_GENERATE_SWIFT_ASSET_SYMBOL_EXTENSIONS = YES;
				CLANG_ANALYZER_NONNULL = YES;
				CLANG_ANALYZER_NUMBER_OBJECT_CONVERSION = YES_AGGRESSIVE;
				CLANG_CXX_LANGUAGE_STANDARD = "gnu++20";
				CLANG_ENABLE_MODULES = YES;
				CLANG_ENABLE_OBJC_ARC = YES;
				CLANG_ENABLE_OBJC_WEAK = YES;
				CLANG_WARN_BLOCK_CAPTURE_AUTORELEASING = YES;
				CLANG_WARN_BOOL_CONVERSION = YES;
				CLANG_WARN_COMMA = YES;
				CLANG_WARN_CONSTANT_CONVERSION = YES;
				CLANG_WARN_DEPRECATED_OBJC_IMPLEMENTATIONS = YES;
				CLANG_WARN_DIRECT_OBJC_ISA_USAGE = YES_ERROR;
				CLANG_WARN_DOCUMENTATION_COMMENTS = YES;
				CLANG_WARN_EMPTY_BODY = YES;
				CLANG_WARN_ENUM_CONVERSION = YES;
				CLANG_WARN_INFINITE_RECURSION = YES;
				CLANG_WARN_INT_CONVERSION = YES;
				CLANG_WARN_NON_LITERAL_NULL_CONVERSION = YES;
				CLANG_WARN_OBJC_IMPLICIT_RETAIN_SELF = YES;
				CLANG_WARN_OBJC_LITERAL_CONVERSION = YES;
				CLANG_WARN_OBJC_ROOT_CLASS = YES_ERROR;
				CLANG_WARN_QUOTED_INCLUDE_IN_FRAMEWORK_HEADER = YES;
				CLANG_WARN_RANGE_LOOP_ANALYSIS = YES;
				CLANG_WARN_STRICT_PROTOTYPES = YES;
				CLANG_WARN_SUSPICIOUS_MOVE = YES;
				CLANG_WARN_UNGUARDED_AVAILABILITY = YES_AGGRESSIVE;
				CLANG_WARN_UNREACHABLE_CODE = YES;
				CLANG_WARN__DUPLICATE_METHOD_MATCH = YES;
				COPY_PHASE_STRIP = NO;
				DEBUG_INFORMATION_FORMAT = "dwarf-with-dsym";
				ENABLE_NS_ASSERTIONS = NO;
				ENABLE_STRICT_OBJC_MSGSEND = YES;
				ENABLE_USER_SCRIPT_SANDBOXING = YES;
				GCC_C_LANGUAGE_STANDARD = gnu17;
				GCC_NO_COMMON_BLOCKS = YES;
				GCC_WARN_64_TO_32_BIT_CONVERSION = YES;
				GCC_WARN_ABOUT_RETURN_TYPE = YES_ERROR;
				GCC_WARN_UNDECLARED_SELECTOR = YES;
				GCC_WARN_UNINITIALIZED_AUTOS = YES_AGGRESSIVE;
				GCC_WARN_UNUSED_FUNCTION = YES;
				GCC_WARN_UNUSED_VARIABLE = YES;
				LOCALIZATION_PREFERS_STRING_CATALOGS = YES;
				MTL_ENABLE_DEBUG_INFO = NO;
				MTL_FAST_MATH = YES;
				SWIFT_COMPILATION_MODE = wholemodule;
			};
			name = Release;
		};
		BA2CD8B52B7FFAFC006C3C1A /* Debug */ = {
			isa = XCBuildConfiguration;
			buildSettings = {
				ASSETCATALOG_COMPILER_APPICON_NAME = AppIcon;
				ASSETCATALOG_COMPILER_GLOBAL_ACCENT_COLOR_NAME = AccentColor;
				CODE_SIGN_ENTITLEMENTS = MetalExperiment/MetalExperiment.entitlements;
				CODE_SIGN_STYLE = Automatic;
				CURRENT_PROJECT_VERSION = 1;
				DEVELOPMENT_ASSET_PATHS = "\"MetalExperiment/Preview Content\"";
				DEVELOPMENT_TEAM = QRB568C47A;
				ENABLE_HARDENED_RUNTIME = YES;
				ENABLE_PREVIEWS = YES;
				GENERATE_INFOPLIST_FILE = YES;
				"INFOPLIST_KEY_UIApplicationSceneManifest_Generation[sdk=iphoneos*]" = YES;
				"INFOPLIST_KEY_UIApplicationSceneManifest_Generation[sdk=iphonesimulator*]" = YES;
				"INFOPLIST_KEY_UIApplicationSupportsIndirectInputEvents[sdk=iphoneos*]" = YES;
				"INFOPLIST_KEY_UIApplicationSupportsIndirectInputEvents[sdk=iphonesimulator*]" = YES;
				"INFOPLIST_KEY_UILaunchScreen_Generation[sdk=iphoneos*]" = YES;
				"INFOPLIST_KEY_UILaunchScreen_Generation[sdk=iphonesimulator*]" = YES;
				"INFOPLIST_KEY_UIStatusBarStyle[sdk=iphoneos*]" = UIStatusBarStyleDefault;
				"INFOPLIST_KEY_UIStatusBarStyle[sdk=iphonesimulator*]" = UIStatusBarStyleDefault;
				INFOPLIST_KEY_UISupportedInterfaceOrientations_iPad = "UIInterfaceOrientationPortrait UIInterfaceOrientationPortraitUpsideDown UIInterfaceOrientationLandscapeLeft UIInterfaceOrientationLandscapeRight";
				INFOPLIST_KEY_UISupportedInterfaceOrientations_iPhone = "UIInterfaceOrientationPortrait UIInterfaceOrientationLandscapeLeft UIInterfaceOrientationLandscapeRight";
				IPHONEOS_DEPLOYMENT_TARGET = 17.2;
				LD_RUNPATH_SEARCH_PATHS = "@executable_path/Frameworks";
				"LD_RUNPATH_SEARCH_PATHS[sdk=macosx*]" = "@executable_path/../Frameworks";
				MACOSX_DEPLOYMENT_TARGET = 14.2;
				MARKETING_VERSION = 1.0;
				PRODUCT_BUNDLE_IDENTIFIER = com.chevis.MetalExperiment;
				PRODUCT_NAME = "$(TARGET_NAME)";
				SDKROOT = auto;
				SUPPORTED_PLATFORMS = "iphoneos iphonesimulator macosx";
				SWIFT_EMIT_LOC_STRINGS = YES;
				SWIFT_OBJC_BRIDGING_HEADER = MetalExperiment/definitions.h;
				SWIFT_VERSION = 5.0;
				TARGETED_DEVICE_FAMILY = "1,2";
			};
			name = Debug;
		};
		BA2CD8B62B7FFAFC006C3C1A /* Release */ = {
			isa = XCBuildConfiguration;
			buildSettings = {
				ASSETCATALOG_COMPILER_APPICON_NAME = AppIcon;
				ASSETCATALOG_COMPILER_GLOBAL_ACCENT_COLOR_NAME = AccentColor;
				CODE_SIGN_ENTITLEMENTS = MetalExperiment/MetalExperiment.entitlements;
				CODE_SIGN_STYLE = Automatic;
				CURRENT_PROJECT_VERSION = 1;
				DEVELOPMENT_ASSET_PATHS = "\"MetalExperiment/Preview Content\"";
				DEVELOPMENT_TEAM = QRB568C47A;
				ENABLE_HARDENED_RUNTIME = YES;
				ENABLE_PREVIEWS = YES;
				GENERATE_INFOPLIST_FILE = YES;
				"INFOPLIST_KEY_UIApplicationSceneManifest_Generation[sdk=iphoneos*]" = YES;
				"INFOPLIST_KEY_UIApplicationSceneManifest_Generation[sdk=iphonesimulator*]" = YES;
				"INFOPLIST_KEY_UIApplicationSupportsIndirectInputEvents[sdk=iphoneos*]" = YES;
				"INFOPLIST_KEY_UIApplicationSupportsIndirectInputEvents[sdk=iphonesimulator*]" = YES;
				"INFOPLIST_KEY_UILaunchScreen_Generation[sdk=iphoneos*]" = YES;
				"INFOPLIST_KEY_UILaunchScreen_Generation[sdk=iphonesimulator*]" = YES;
				"INFOPLIST_KEY_UIStatusBarStyle[sdk=iphoneos*]" = UIStatusBarStyleDefault;
				"INFOPLIST_KEY_UIStatusBarStyle[sdk=iphonesimulator*]" = UIStatusBarStyleDefault;
				INFOPLIST_KEY_UISupportedInterfaceOrientations_iPad = "UIInterfaceOrientationPortrait UIInterfaceOrientationPortraitUpsideDown UIInterfaceOrientationLandscapeLeft UIInterfaceOrientationLandscapeRight";
				INFOPLIST_KEY_UISupportedInterfaceOrientations_iPhone = "UIInterfaceOrientationPortrait UIInterfaceOrientationLandscapeLeft UIInterfaceOrientationLandscapeRight";
				IPHONEOS_DEPLOYMENT_TARGET = 17.2;
				LD_RUNPATH_SEARCH_PATHS = "@executable_path/Frameworks";
				"LD_RUNPATH_SEARCH_PATHS[sdk=macosx*]" = "@executable_path/../Frameworks";
				MACOSX_DEPLOYMENT_TARGET = 14.2;
				MARKETING_VERSION = 1.0;
				PRODUCT_BUNDLE_IDENTIFIER = com.chevis.MetalExperiment;
				PRODUCT_NAME = "$(TARGET_NAME)";
				SDKROOT = auto;
				SUPPORTED_PLATFORMS = "iphoneos iphonesimulator macosx";
				SWIFT_EMIT_LOC_STRINGS = YES;
				SWIFT_OBJC_BRIDGING_HEADER = MetalExperiment/definitions.h;
				SWIFT_VERSION = 5.0;
				TARGETED_DEVICE_FAMILY = "1,2";
			};
			name = Release;
		};
/* End XCBuildConfiguration section */

/* Begin XCConfigurationList section */
		BA2CD8A02B7FFAFA006C3C1A /* Build configuration list for PBXProject "MetalExperiment" */ = {
			isa = XCConfigurationList;
			buildConfigurations = (
				BA2CD8B22B7FFAFC006C3C1A /* Debug */,
				BA2CD8B32B7FFAFC006C3C1A /* Release */,
			);
			defaultConfigurationIsVisible = 0;
			defaultConfigurationName = Release;
		};
		BA2CD8B42B7FFAFC006C3C1A /* Build configuration list for PBXNativeTarget "MetalExperiment" */ = {
			isa = XCConfigurationList;
			buildConfigurations = (
				BA2CD8B52B7FFAFC006C3C1A /* Debug */,
				BA2CD8B62B7FFAFC006C3C1A /* Release */,
			);
			defaultConfigurationIsVisible = 0;
			defaultConfigurationName = Release;
		};
/* End XCConfigurationList section */
	};
	rootObject = BA2CD89D2B7FFAFA006C3C1A /* Project object */;
}
